PODS:
  - CryptoSwift (1.0.0)
  - IQKeyboardManagerSwift (6.4.0)
  - SnapKit (5.0.0)

DEPENDENCIES:
  - CryptoSwift
  - IQKeyboardManagerSwift
  - SnapKit

SPEC REPOS:
  https://cdn.cocoapods.org/:
    - CryptoSwift
    - IQKeyboardManagerSwift
    - SnapKit

SPEC CHECKSUMS:
  CryptoSwift: d81eeaa59dc5a8d03720fe919a6fd07b51f7439f
  IQKeyboardManagerSwift: ed9b04ee0e3067ffba543283462d619f944b05e5
  SnapKit: fd22d10eb9aff484d79a8724eab922c1ddf89bcf

PODFILE CHECKSUM: 38fb7b8dc67feb9f18d839764e20e2138c47f4ad

COCOAPODS: 1.8.3
