// !$*UTF8*$!
{
	archiveVersion = 1;
	classes = {
	};
	objectVersion = 77;
	objects = {

/* Begin PBXBuildFile section */
		016361D8745E144FC277C880 /* Assets.xcassets in Resources */ = {isa = PBXBuildFile; fileRef = 0296A3BB5775B96F6E47E414 /* Assets.xcassets */; };
		01B5C9542947F4B4E3FC12E4 /* BiometricAuth.swift in Sources */ = {isa = PBXBuildFile; fileRef = 075ED47E3ED46A7E961AC03A /* BiometricAuth.swift */; };
		0E6FC8DC697D0502E0F3116E /* PasswordConfigService.swift in Sources */ = {isa = PBXBuildFile; fileRef = 4266974F13BF451A94F75097 /* PasswordConfigService.swift */; };
		125D030F6CD0A76F54CA5093 /* CredentialProviderViewController.swift in Sources */ = {isa = PBXBuildFile; fileRef = CA031E93DF7A1B1934A41734 /* CredentialProviderViewController.swift */; };
		2FC7CC8071E8B50C5EB4201E /* BiometricAuth.swift in Sources */ = {isa = PBXBuildFile; fileRef = 075ED47E3ED46A7E961AC03A /* BiometricAuth.swift */; };
		37814951F22CD795ACD2ED2F /* PasswordXApp.swift in Sources */ = {isa = PBXBuildFile; fileRef = 4E2610B7A96C5F3292A200C3 /* PasswordXApp.swift */; };
		6994A13D16D192ED33F367CE /* PasswordConfigService.swift in Sources */ = {isa = PBXBuildFile; fileRef = 4266974F13BF451A94F75097 /* PasswordConfigService.swift */; };
		6DD958D4A082F1E5740093CE /* DemoSnapshot.swift in Sources */ = {isa = PBXBuildFile; fileRef = 853AC8C93160A57D8DBC19C6 /* DemoSnapshot.swift */; };
		6E1ABE8841F664123C6AE31E /* PasswordUI.swift in Sources */ = {isa = PBXBuildFile; fileRef = 67427D8C993F0E519A902FD7 /* PasswordUI.swift */; };
		6F256260BC80DC7E455BE075 /* SettingView.swift in Sources */ = {isa = PBXBuildFile; fileRef = 96FBD4D48D90C6B1A4D92173 /* SettingView.swift */; };
		8BE8DEB1BF6AE0A9B92D2B09 /* PasswordCryptor in Frameworks */ = {isa = PBXBuildFile; productRef = 5B641AC2322707F48CA5D5B3 /* PasswordCryptor */; };
		BC08DF7AF69FA29E8FDD2C8C /* PasswordCryptor in Frameworks */ = {isa = PBXBuildFile; productRef = 701EFD528CE9125D552221D8 /* PasswordCryptor */; };
		C3E5ABFC9F4CDDC7DC561A3F /* CredentialProviderView.swift in Sources */ = {isa = PBXBuildFile; fileRef = 2B7FC2168635619D21FC56AA /* CredentialProviderView.swift */; };
		D252ACD50D0DA567A7982950 /* PasswordXAuth.appex in Embed Foundation Extensions */ = {isa = PBXBuildFile; fileRef = 1902AF1BBDADC2F90E6D6298 /* PasswordXAuth.appex */; settings = {ATTRIBUTES = (RemoveHeadersOnCopy, ); }; };
		DA446AA5F26BBCA087BEC26B /* HistoryView.swift in Sources */ = {isa = PBXBuildFile; fileRef = 7E6AF35B7B3C711499B221D5 /* HistoryView.swift */; };
		EBC53CCD37C533E98AFC8DBB /* PasswordUI.swift in Sources */ = {isa = PBXBuildFile; fileRef = 67427D8C993F0E519A902FD7 /* PasswordUI.swift */; };
		FE736E62B7973635A070BEC9 /* GeneratorView.swift in Sources */ = {isa = PBXBuildFile; fileRef = 9A2A0CD4648C1697BE097367 /* GeneratorView.swift */; };
/* End PBXBuildFile section */

/* Begin PBXContainerItemProxy section */
		B5C2B14DBF9BE2971AEAB790 /* PBXContainerItemProxy */ = {
			isa = PBXContainerItemProxy;
			containerPortal = 43FC4F2B93AE40C8F4EA7C29 /* Project object */;
			proxyType = 1;
			remoteGlobalIDString = D694726384430448D835F690;
			remoteInfo = PasswordXAuth;
		};
/* End PBXContainerItemProxy section */

/* Begin PBXCopyFilesBuildPhase section */
		3CE1F9899F4E61E8B9E50019 /* Embed Foundation Extensions */ = {
			isa = PBXCopyFilesBuildPhase;
			buildActionMask = 2147483647;
			dstPath = "";
			dstSubfolderSpec = 13;
			files = (
				D252ACD50D0DA567A7982950 /* PasswordXAuth.appex in Embed Foundation Extensions */,
			);
			name = "Embed Foundation Extensions";
			runOnlyForDeploymentPostprocessing = 0;
		};
/* End PBXCopyFilesBuildPhase section */

/* Begin PBXFileReference section */
		0296A3BB5775B96F6E47E414 /* Assets.xcassets */ = {isa = PBXFileReference; lastKnownFileType = folder.assetcatalog; path = Assets.xcassets; sourceTree = "<group>"; };
		075ED47E3ED46A7E961AC03A /* BiometricAuth.swift */ = {isa = PBXFileReference; lastKnownFileType = sourcecode.swift; path = BiometricAuth.swift; sourceTree = "<group>"; };
		1902AF1BBDADC2F90E6D6298 /* PasswordXAuth.appex */ = {isa = PBXFileReference; includeInIndex = 0; lastKnownFileType = "wrapper.app-extension"; path = PasswordXAuth.appex; sourceTree = BUILT_PRODUCTS_DIR; };
		2B7FC2168635619D21FC56AA /* CredentialProviderView.swift */ = {isa = PBXFileReference; lastKnownFileType = sourcecode.swift; path = CredentialProviderView.swift; sourceTree = "<group>"; };
		4266974F13BF451A94F75097 /* PasswordConfigService.swift */ = {isa = PBXFileReference; lastKnownFileType = sourcecode.swift; path = PasswordConfigService.swift; sourceTree = "<group>"; };
		4E2610B7A96C5F3292A200C3 /* PasswordXApp.swift */ = {isa = PBXFileReference; lastKnownFileType = sourcecode.swift; path = PasswordXApp.swift; sourceTree = "<group>"; };
		67427D8C993F0E519A902FD7 /* PasswordUI.swift */ = {isa = PBXFileReference; lastKnownFileType = sourcecode.swift; path = PasswordUI.swift; sourceTree = "<group>"; };
		7E6AF35B7B3C711499B221D5 /* HistoryView.swift */ = {isa = PBXFileReference; lastKnownFileType = sourcecode.swift; path = HistoryView.swift; sourceTree = "<group>"; };
		853AC8C93160A57D8DBC19C6 /* DemoSnapshot.swift */ = {isa = PBXFileReference; lastKnownFileType = sourcecode.swift; path = DemoSnapshot.swift; sourceTree = "<group>"; };
		96FBD4D48D90C6B1A4D92173 /* SettingView.swift */ = {isa = PBXFileReference; lastKnownFileType = sourcecode.swift; path = SettingView.swift; sourceTree = "<group>"; };
		9A2A0CD4648C1697BE097367 /* GeneratorView.swift */ = {isa = PBXFileReference; lastKnownFileType = sourcecode.swift; path = GeneratorView.swift; sourceTree = "<group>"; };
		9FD10012B69EC495D99907F0 /* PasswordX.app */ = {isa = PBXFileReference; includeInIndex = 0; lastKnownFileType = wrapper.application; path = PasswordX.app; sourceTree = BUILT_PRODUCTS_DIR; };
		CA031E93DF7A1B1934A41734 /* CredentialProviderViewController.swift */ = {isa = PBXFileReference; lastKnownFileType = sourcecode.swift; path = CredentialProviderViewController.swift; sourceTree = "<group>"; };
		FBF540F7F0340ED5FC84AA04 /* PasswordCryptor */ = {isa = PBXFileReference; lastKnownFileType = folder; name = PasswordCryptor; path = PasswordCryptor; sourceTree = SOURCE_ROOT; };
/* End PBXFileReference section */

/* Begin PBXFrameworksBuildPhase section */
		09E0F410CA2F5BF9BA613E63 /* Frameworks */ = {
			isa = PBXFrameworksBuildPhase;
			buildActionMask = 2147483647;
			files = (
				8BE8DEB1BF6AE0A9B92D2B09 /* PasswordCryptor in Frameworks */,
			);
			runOnlyForDeploymentPostprocessing = 0;
		};
		A5F7CB9A9C333EDA12747F9F /* Frameworks */ = {
			isa = PBXFrameworksBuildPhase;
			buildActionMask = 2147483647;
			files = (
				BC08DF7AF69FA29E8FDD2C8C /* PasswordCryptor in Frameworks */,
			);
			runOnlyForDeploymentPostprocessing = 0;
		};
/* End PBXFrameworksBuildPhase section */

/* Begin PBXGroup section */
		1D61F7E842A9C98A721B6A13 /* PasswordX */ = {
			isa = PBXGroup;
			children = (
				4E2610B7A96C5F3292A200C3 /* PasswordXApp.swift */,
				4B67F08779BA43A9222A8A25 /* Resource */,
				37781D0CD6B86027B4277992 /* Views */,
			);
			path = PasswordX;
			sourceTree = "<group>";
		};
		37781D0CD6B86027B4277992 /* Views */ = {
			isa = PBXGroup;
			children = (
				853AC8C93160A57D8DBC19C6 /* DemoSnapshot.swift */,
				9A2A0CD4648C1697BE097367 /* GeneratorView.swift */,
				7E6AF35B7B3C711499B221D5 /* HistoryView.swift */,
				96FBD4D48D90C6B1A4D92173 /* SettingView.swift */,
			);
			path = Views;
			sourceTree = "<group>";
		};
		4B67F08779BA43A9222A8A25 /* Resource */ = {
			isa = PBXGroup;
			children = (
				0296A3BB5775B96F6E47E414 /* Assets.xcassets */,
			);
			path = Resource;
			sourceTree = "<group>";
		};
		6F6BA2479FBAC1113CE49E89 = {
			isa = PBXGroup;
			children = (
				987E7CD2015164FF8004D0B3 /* Packages */,
				1D61F7E842A9C98A721B6A13 /* PasswordX */,
				E5B3BB567EFE04D84DE41854 /* PasswordXAuth */,
				EF7BCA38945FB6C39A4C14C1 /* Shared */,
				842FA4A41365CD171B97790F /* Products */,
			);
			sourceTree = "<group>";
		};
		842FA4A41365CD171B97790F /* Products */ = {
			isa = PBXGroup;
			children = (
				9FD10012B69EC495D99907F0 /* PasswordX.app */,
				1902AF1BBDADC2F90E6D6298 /* PasswordXAuth.appex */,
			);
			name = Products;
			sourceTree = "<group>";
		};
		987E7CD2015164FF8004D0B3 /* Packages */ = {
			isa = PBXGroup;
			children = (
				FBF540F7F0340ED5FC84AA04 /* PasswordCryptor */,
			);
			name = Packages;
			sourceTree = "<group>";
		};
		E5B3BB567EFE04D84DE41854 /* PasswordXAuth */ = {
			isa = PBXGroup;
			children = (
				2B7FC2168635619D21FC56AA /* CredentialProviderView.swift */,
				CA031E93DF7A1B1934A41734 /* CredentialProviderViewController.swift */,
			);
			path = PasswordXAuth;
			sourceTree = "<group>";
		};
		EF7BCA38945FB6C39A4C14C1 /* Shared */ = {
			isa = PBXGroup;
			children = (
				075ED47E3ED46A7E961AC03A /* BiometricAuth.swift */,
				4266974F13BF451A94F75097 /* PasswordConfigService.swift */,
				67427D8C993F0E519A902FD7 /* PasswordUI.swift */,
			);
			path = Shared;
			sourceTree = "<group>";
		};
/* End PBXGroup section */

/* Begin PBXNativeTarget section */
		AC82B0963278C2E98E1BE589 /* PasswordX */ = {
			isa = PBXNativeTarget;
			buildConfigurationList = 2C35B30BE554490E58C046FD /* Build configuration list for PBXNativeTarget "PasswordX" */;
			buildPhases = (
				19E732FDC66ED35DBAD928F3 /* Sources */,
				5D9307779040095B2E7C3DC3 /* Resources */,
				09E0F410CA2F5BF9BA613E63 /* Frameworks */,
				3CE1F9899F4E61E8B9E50019 /* Embed Foundation Extensions */,
			);
			buildRules = (
			);
			dependencies = (
				03E50724CB5806D17AAA0E05 /* PBXTargetDependency */,
			);
			name = PasswordX;
			packageProductDependencies = (
				5B641AC2322707F48CA5D5B3 /* PasswordCryptor */,
			);
			productName = PasswordX;
			productReference = 9FD10012B69EC495D99907F0 /* PasswordX.app */;
			productType = "com.apple.product-type.application";
		};
		D694726384430448D835F690 /* PasswordXAuth */ = {
			isa = PBXNativeTarget;
			buildConfigurationList = 39104B90CF029B26D4A37782 /* Build configuration list for PBXNativeTarget "PasswordXAuth" */;
			buildPhases = (
				2A2F0E03A97D9FCB6C340436 /* Sources */,
				A5F7CB9A9C333EDA12747F9F /* Frameworks */,
			);
			buildRules = (
			);
			dependencies = (
			);
			name = PasswordXAuth;
			packageProductDependencies = (
				701EFD528CE9125D552221D8 /* PasswordCryptor */,
			);
			productName = PasswordXAuth;
			productReference = 1902AF1BBDADC2F90E6D6298 /* PasswordXAuth.appex */;
			productType = "com.apple.product-type.app-extension";
		};
/* End PBXNativeTarget section */

/* Begin PBXProject section */
		43FC4F2B93AE40C8F4EA7C29 /* Project object */ = {
			isa = PBXProject;
			attributes = {
				BuildIndependentTargetsInParallel = YES;
				LastUpgradeCheck = 1430;
				TargetAttributes = {
					AC82B0963278C2E98E1BE589 = {
						DevelopmentTeam = 858CBVXSWP;
						ProvisioningStyle = Automatic;
					};
					D694726384430448D835F690 = {
						DevelopmentTeam = 858CBVXSWP;
						ProvisioningStyle = Automatic;
					};
				};
			};
			buildConfigurationList = 59E2BF3CCF6E4E38F6823221 /* Build configuration list for PBXProject "PasswordX" */;
			developmentRegion = en;
			hasScannedForEncodings = 0;
			knownRegions = (
				Base,
				en,
			);
			mainGroup = 6F6BA2479FBAC1113CE49E89;
			minimizedProjectReferenceProxies = 1;
			packageReferences = (
				2E9F9C312A07C0F5E5354B84 /* XCLocalSwiftPackageReference "PasswordCryptor" */,
			);
			preferredProjectObjectVersion = 77;
			productRefGroup = 842FA4A41365CD171B97790F /* Products */;
			projectDirPath = "";
			projectRoot = "";
			targets = (
				AC82B0963278C2E98E1BE589 /* PasswordX */,
				D694726384430448D835F690 /* PasswordXAuth */,
			);
		};
/* End PBXProject section */

/* Begin PBXResourcesBuildPhase section */
		5D9307779040095B2E7C3DC3 /* Resources */ = {
			isa = PBXResourcesBuildPhase;
			buildActionMask = 2147483647;
			files = (
				016361D8745E144FC277C880 /* Assets.xcassets in Resources */,
			);
			runOnlyForDeploymentPostprocessing = 0;
		};
/* End PBXResourcesBuildPhase section */

/* Begin PBXSourcesBuildPhase section */
		19E732FDC66ED35DBAD928F3 /* Sources */ = {
			isa = PBXSourcesBuildPhase;
			buildActionMask = 2147483647;
			files = (
				2FC7CC8071E8B50C5EB4201E /* BiometricAuth.swift in Sources */,
				6DD958D4A082F1E5740093CE /* DemoSnapshot.swift in Sources */,
				FE736E62B7973635A070BEC9 /* GeneratorView.swift in Sources */,
				DA446AA5F26BBCA087BEC26B /* HistoryView.swift in Sources */,
				6994A13D16D192ED33F367CE /* PasswordConfigService.swift in Sources */,
				EBC53CCD37C533E98AFC8DBB /* PasswordUI.swift in Sources */,
				37814951F22CD795ACD2ED2F /* PasswordXApp.swift in Sources */,
				6F256260BC80DC7E455BE075 /* SettingView.swift in Sources */,
			);
			runOnlyForDeploymentPostprocessing = 0;
		};
		2A2F0E03A97D9FCB6C340436 /* Sources */ = {
			isa = PBXSourcesBuildPhase;
			buildActionMask = 2147483647;
			files = (
				01B5C9542947F4B4E3FC12E4 /* BiometricAuth.swift in Sources */,
				C3E5ABFC9F4CDDC7DC561A3F /* CredentialProviderView.swift in Sources */,
				125D030F6CD0A76F54CA5093 /* CredentialProviderViewController.swift in Sources */,
				0E6FC8DC697D0502E0F3116E /* PasswordConfigService.swift in Sources */,
				6E1ABE8841F664123C6AE31E /* PasswordUI.swift in Sources */,
			);
			runOnlyForDeploymentPostprocessing = 0;
		};
/* End PBXSourcesBuildPhase section */

/* Begin PBXTargetDependency section */
		03E50724CB5806D17AAA0E05 /* PBXTargetDependency */ = {
			isa = PBXTargetDependency;
			target = D694726384430448D835F690 /* PasswordXAuth */;
			targetProxy = B5C2B14DBF9BE2971AEAB790 /* PBXContainerItemProxy */;
		};
/* End PBXTargetDependency section */

/* Begin XCBuildConfiguration section */
		265E07EBC8048F6DFAD36CCE /* Release */ = {
			isa = XCBuildConfiguration;
			buildSettings = {
				ASSETCATALOG_COMPILER_APPICON_NAME = AppIcon;
				CODE_SIGN_ENTITLEMENTS = PasswordX/PasswordX.entitlements;
				CODE_SIGN_IDENTITY = "iPhone Developer";
				CURRENT_PROJECT_VERSION = 1;
				DERIVE_MACCATALYST_PRODUCT_BUNDLE_IDENTIFIER = YES;
				ENABLE_PREVIEWS = YES;
				GENERATE_INFOPLIST_FILE = YES;
				INFOPLIST_KEY_CFBundleDisplayName = PasswordX;
				INFOPLIST_KEY_LSApplicationCategoryType = "public.app-category.utilities";
				INFOPLIST_KEY_NSFaceIDUsageDescription = "Protect your MasterKey with FaceID";
				INFOPLIST_KEY_UIApplicationSceneManifest_Generation = YES;
				INFOPLIST_KEY_UIApplicationSupportsIndirectInputEvents = YES;
				INFOPLIST_KEY_UILaunchScreen_Generation = YES;
				INFOPLIST_KEY_UISupportedInterfaceOrientations = UIInterfaceOrientationPortrait;
				INFOPLIST_KEY_UISupportedInterfaceOrientations_iPad = "UIInterfaceOrientationPortrait UIInterfaceOrientationPortraitUpsideDown UIInterfaceOrientationLandscapeLeft UIInterfaceOrientationLandscapeRight";
				LD_RUNPATH_SEARCH_PATHS = (
					"$(inherited)",
					"@executable_path/Frameworks",
				);
				MARKETING_VERSION = 1.0;
				PRODUCT_BUNDLE_IDENTIFIER = com.tbxark.PasswordX;
				SDKROOT = iphoneos;
				SUPPORTS_MACCATALYST = YES;
				SWIFT_EMIT_LOC_STRINGS = YES;
				TARGETED_DEVICE_FAMILY = "1,2";
			};
			name = Release;
		};
		5B428B84E6664FE6ACD4837B /* Release */ = {
			isa = XCBuildConfiguration;
			buildSettings = {
				ALWAYS_SEARCH_USER_PATHS = NO;
				CLANG_ANALYZER_NONNULL = YES;
				CLANG_ANALYZER_NUMBER_OBJECT_CONVERSION = YES_AGGRESSIVE;
				CLANG_CXX_LANGUAGE_STANDARD = "gnu++14";
				CLANG_CXX_LIBRARY = "libc++";
				CLANG_ENABLE_MODULES = YES;
				CLANG_ENABLE_OBJC_ARC = YES;
				CLANG_ENABLE_OBJC_WEAK = YES;
				CLANG_WARN_BLOCK_CAPTURE_AUTORELEASING = YES;
				CLANG_WARN_BOOL_CONVERSION = YES;
				CLANG_WARN_COMMA = YES;
				CLANG_WARN_CONSTANT_CONVERSION = YES;
				CLANG_WARN_DEPRECATED_OBJC_IMPLEMENTATIONS = YES;
				CLANG_WARN_DIRECT_OBJC_ISA_USAGE = YES_ERROR;
				CLANG_WARN_DOCUMENTATION_COMMENTS = YES;
				CLANG_WARN_EMPTY_BODY = YES;
				CLANG_WARN_ENUM_CONVERSION = YES;
				CLANG_WARN_INFINITE_RECURSION = YES;
				CLANG_WARN_INT_CONVERSION = YES;
				CLANG_WARN_NON_LITERAL_NULL_CONVERSION = YES;
				CLANG_WARN_OBJC_IMPLICIT_RETAIN_SELF = YES;
				CLANG_WARN_OBJC_LITERAL_CONVERSION = YES;
				CLANG_WARN_OBJC_ROOT_CLASS = YES_ERROR;
				CLANG_WARN_QUOTED_INCLUDE_IN_FRAMEWORK_HEADER = YES;
				CLANG_WARN_RANGE_LOOP_ANALYSIS = YES;
				CLANG_WARN_STRICT_PROTOTYPES = YES;
				CLANG_WARN_SUSPICIOUS_MOVE = YES;
				CLANG_WARN_UNGUARDED_AVAILABILITY = YES_AGGRESSIVE;
				CLANG_WARN_UNREACHABLE_CODE = YES;
				CLANG_WARN__DUPLICATE_METHOD_MATCH = YES;
				CODE_SIGN_STYLE = Automatic;
				COPY_PHASE_STRIP = NO;
				DEBUG_INFORMATION_FORMAT = "dwarf-with-dsym";
				DEVELOPMENT_TEAM = 858CBVXSWP;
				ENABLE_NS_ASSERTIONS = NO;
				ENABLE_STRICT_OBJC_MSGSEND = YES;
				GCC_C_LANGUAGE_STANDARD = gnu11;
				GCC_NO_COMMON_BLOCKS = YES;
				GCC_WARN_64_TO_32_BIT_CONVERSION = YES;
				GCC_WARN_ABOUT_RETURN_TYPE = YES_ERROR;
				GCC_WARN_UNDECLARED_SELECTOR = YES;
				GCC_WARN_UNINITIALIZED_AUTOS = YES_AGGRESSIVE;
				GCC_WARN_UNUSED_FUNCTION = YES;
				GCC_WARN_UNUSED_VARIABLE = YES;
				IPHONEOS_DEPLOYMENT_TARGET = 16.0;
				MTL_ENABLE_DEBUG_INFO = NO;
				MTL_FAST_MATH = YES;
				PRODUCT_NAME = "$(TARGET_NAME)";
				SDKROOT = iphoneos;
				SWIFT_COMPILATION_MODE = wholemodule;
				SWIFT_OPTIMIZATION_LEVEL = "-O";
				SWIFT_VERSION = 5.0;
			};
			name = Release;
		};
		74290E29E09DDAE6EFA9B6C8 /* Release */ = {
			isa = XCBuildConfiguration;
			buildSettings = {
				CODE_SIGN_ENTITLEMENTS = PasswordXAuth/PasswordXAuth.entitlements;
				CURRENT_PROJECT_VERSION = 1;
				GENERATE_INFOPLIST_FILE = YES;
				INFOPLIST_FILE = PasswordXAuth/Info.plist;
				INFOPLIST_KEY_CFBundleDisplayName = PasswordXAuth;
				LD_RUNPATH_SEARCH_PATHS = (
					"$(inherited)",
					"@executable_path/Frameworks",
					"@executable_path/../../Frameworks",
				);
				MARKETING_VERSION = 1.0;
				PRODUCT_BUNDLE_IDENTIFIER = com.tbxark.PasswordX.PasswordXAuth;
				SDKROOT = iphoneos;
				SKIP_INSTALL = YES;
				SWIFT_EMIT_LOC_STRINGS = YES;
				TARGETED_DEVICE_FAMILY = "1,2";
			};
			name = Release;
		};
		9CAA2526C1CE78AC7841CDA5 /* Debug */ = {
			isa = XCBuildConfiguration;
			buildSettings = {
				CODE_SIGN_ENTITLEMENTS = PasswordXAuth/PasswordXAuth.entitlements;
				CURRENT_PROJECT_VERSION = 1;
				GENERATE_INFOPLIST_FILE = YES;
				INFOPLIST_FILE = PasswordXAuth/Info.plist;
				INFOPLIST_KEY_CFBundleDisplayName = PasswordXAuth;
				LD_RUNPATH_SEARCH_PATHS = (
					"$(inherited)",
					"@executable_path/Frameworks",
					"@executable_path/../../Frameworks",
				);
				MARKETING_VERSION = 1.0;
				PRODUCT_BUNDLE_IDENTIFIER = com.tbxark.PasswordX.PasswordXAuth;
				SDKROOT = iphoneos;
				SKIP_INSTALL = YES;
				SWIFT_EMIT_LOC_STRINGS = YES;
				TARGETED_DEVICE_FAMILY = "1,2";
			};
			name = Debug;
		};
		9EEEEB73BBBED4181E00D90C /* Debug */ = {
			isa = XCBuildConfiguration;
			buildSettings = {
				ALWAYS_SEARCH_USER_PATHS = NO;
				CLANG_ANALYZER_NONNULL = YES;
				CLANG_ANALYZER_NUMBER_OBJECT_CONVERSION = YES_AGGRESSIVE;
				CLANG_CXX_LANGUAGE_STANDARD = "gnu++14";
				CLANG_CXX_LIBRARY = "libc++";
				CLANG_ENABLE_MODULES = YES;
				CLANG_ENABLE_OBJC_ARC = YES;
				CLANG_ENABLE_OBJC_WEAK = YES;
				CLANG_WARN_BLOCK_CAPTURE_AUTORELEASING = YES;
				CLANG_WARN_BOOL_CONVERSION = YES;
				CLANG_WARN_COMMA = YES;
				CLANG_WARN_CONSTANT_CONVERSION = YES;
				CLANG_WARN_DEPRECATED_OBJC_IMPLEMENTATIONS = YES;
				CLANG_WARN_DIRECT_OBJC_ISA_USAGE = YES_ERROR;
				CLANG_WARN_DOCUMENTATION_COMMENTS = YES;
				CLANG_WARN_EMPTY_BODY = YES;
				CLANG_WARN_ENUM_CONVERSION = YES;
				CLANG_WARN_INFINITE_RECURSION = YES;
				CLANG_WARN_INT_CONVERSION = YES;
				CLANG_WARN_NON_LITERAL_NULL_CONVERSION = YES;
				CLANG_WARN_OBJC_IMPLICIT_RETAIN_SELF = YES;
				CLANG_WARN_OBJC_LITERAL_CONVERSION = YES;
				CLANG_WARN_OBJC_ROOT_CLASS = YES_ERROR;
				CLANG_WARN_QUOTED_INCLUDE_IN_FRAMEWORK_HEADER = YES;
				CLANG_WARN_RANGE_LOOP_ANALYSIS = YES;
				CLANG_WARN_STRICT_PROTOTYPES = YES;
				CLANG_WARN_SUSPICIOUS_MOVE = YES;
				CLANG_WARN_UNGUARDED_AVAILABILITY = YES_AGGRESSIVE;
				CLANG_WARN_UNREACHABLE_CODE = YES;
				CLANG_WARN__DUPLICATE_METHOD_MATCH = YES;
				CODE_SIGN_STYLE = Automatic;
				COPY_PHASE_STRIP = NO;
				DEBUG_INFORMATION_FORMAT = dwarf;
				DEVELOPMENT_TEAM = 858CBVXSWP;
				ENABLE_STRICT_OBJC_MSGSEND = YES;
				ENABLE_TESTABILITY = YES;
				GCC_C_LANGUAGE_STANDARD = gnu11;
				GCC_DYNAMIC_NO_PIC = NO;
				GCC_NO_COMMON_BLOCKS = YES;
				GCC_OPTIMIZATION_LEVEL = 0;
				GCC_PREPROCESSOR_DEFINITIONS = (
					"$(inherited)",
					"DEBUG=1",
				);
				GCC_WARN_64_TO_32_BIT_CONVERSION = YES;
				GCC_WARN_ABOUT_RETURN_TYPE = YES_ERROR;
				GCC_WARN_UNDECLARED_SELECTOR = YES;
				GCC_WARN_UNINITIALIZED_AUTOS = YES_AGGRESSIVE;
				GCC_WARN_UNUSED_FUNCTION = YES;
				GCC_WARN_UNUSED_VARIABLE = YES;
				IPHONEOS_DEPLOYMENT_TARGET = 16.0;
				MTL_ENABLE_DEBUG_INFO = INCLUDE_SOURCE;
				MTL_FAST_MATH = YES;
				ONLY_ACTIVE_ARCH = YES;
				PRODUCT_NAME = "$(TARGET_NAME)";
				SDKROOT = iphoneos;
				SWIFT_ACTIVE_COMPILATION_CONDITIONS = DEBUG;
				SWIFT_OPTIMIZATION_LEVEL = "-Onone";
				SWIFT_VERSION = 5.0;
			};
			name = Debug;
		};
		ACCB6866D21D084B13E971C9 /* Debug */ = {
			isa = XCBuildConfiguration;
			buildSettings = {
				ASSETCATALOG_COMPILER_APPICON_NAME = AppIcon;
				CODE_SIGN_ENTITLEMENTS = PasswordX/PasswordX.entitlements;
				CODE_SIGN_IDENTITY = "iPhone Developer";
				CURRENT_PROJECT_VERSION = 1;
				DERIVE_MACCATALYST_PRODUCT_BUNDLE_IDENTIFIER = YES;
				ENABLE_PREVIEWS = YES;
				GENERATE_INFOPLIST_FILE = YES;
				INFOPLIST_KEY_CFBundleDisplayName = PasswordX;
				INFOPLIST_KEY_LSApplicationCategoryType = "public.app-category.utilities";
				INFOPLIST_KEY_NSFaceIDUsageDescription = "Protect your MasterKey with FaceID";
				INFOPLIST_KEY_UIApplicationSceneManifest_Generation = YES;
				INFOPLIST_KEY_UIApplicationSupportsIndirectInputEvents = YES;
				INFOPLIST_KEY_UILaunchScreen_Generation = YES;
				INFOPLIST_KEY_UISupportedInterfaceOrientations = UIInterfaceOrientationPortrait;
				INFOPLIST_KEY_UISupportedInterfaceOrientations_iPad = "UIInterfaceOrientationPortrait UIInterfaceOrientationPortraitUpsideDown UIInterfaceOrientationLandscapeLeft UIInterfaceOrientationLandscapeRight";
				LD_RUNPATH_SEARCH_PATHS = (
					"$(inherited)",
					"@executable_path/Frameworks",
				);
				MARKETING_VERSION = 1.0;
				PRODUCT_BUNDLE_IDENTIFIER = com.tbxark.PasswordX;
				SDKROOT = iphoneos;
				SUPPORTS_MACCATALYST = YES;
				SWIFT_EMIT_LOC_STRINGS = YES;
				TARGETED_DEVICE_FAMILY = "1,2";
			};
			name = Debug;
		};
/* End XCBuildConfiguration section */

/* Begin XCConfigurationList section */
		2C35B30BE554490E58C046FD /* Build configuration list for PBXNativeTarget "PasswordX" */ = {
			isa = XCConfigurationList;
			buildConfigurations = (
				ACCB6866D21D084B13E971C9 /* Debug */,
				265E07EBC8048F6DFAD36CCE /* Release */,
			);
			defaultConfigurationIsVisible = 0;
			defaultConfigurationName = Debug;
		};
		39104B90CF029B26D4A37782 /* Build configuration list for PBXNativeTarget "PasswordXAuth" */ = {
			isa = XCConfigurationList;
			buildConfigurations = (
				9CAA2526C1CE78AC7841CDA5 /* Debug */,
				74290E29E09DDAE6EFA9B6C8 /* Release */,
			);
			defaultConfigurationIsVisible = 0;
			defaultConfigurationName = Debug;
		};
		59E2BF3CCF6E4E38F6823221 /* Build configuration list for PBXProject "PasswordX" */ = {
			isa = XCConfigurationList;
			buildConfigurations = (
				9EEEEB73BBBED4181E00D90C /* Debug */,
				5B428B84E6664FE6ACD4837B /* Release */,
			);
			defaultConfigurationIsVisible = 0;
			defaultConfigurationName = Debug;
		};
/* End XCConfigurationList section */

/* Begin XCLocalSwiftPackageReference section */
		2E9F9C312A07C0F5E5354B84 /* XCLocalSwiftPackageReference "PasswordCryptor" */ = {
			isa = XCLocalSwiftPackageReference;
			relativePath = PasswordCryptor;
		};
/* End XCLocalSwiftPackageReference section */

/* Begin XCSwiftPackageProductDependency section */
		5B641AC2322707F48CA5D5B3 /* PasswordCryptor */ = {
			isa = XCSwiftPackageProductDependency;
			productName = PasswordCryptor;
		};
		701EFD528CE9125D552221D8 /* PasswordCryptor */ = {
			isa = XCSwiftPackageProductDependency;
			productName = PasswordCryptor;
		};
/* End XCSwiftPackageProductDependency section */
	};
	rootObject = 43FC4F2B93AE40C8F4EA7C29 /* Project object */;
}
